github.com/rqlite/sql v0.0.0-20240312185922-ffac88a740bd h1:wW6BtayFoKaaDeIvXRE3SZVPOscSKlYD+X3bB749+zk=
github.com/rqlite/sql v0.0.0-20240312185922-ffac88a740bd/go.mod h1:ib9zVtNgRKiGuoMyUqqL5aNpk+r+++YlyiVIkclVqPg=
github.com/xwb1989/sqlparser v0.0.0-20180606152119-120387863bf2 h1:zzrxE1FKn5ryBNl9eKOeqQ58Y/Qpo3Q9QNxKHX5uzzQ=
github.com/xwb1989/sqlparser v0.0.0-20180606152119-120387863bf2/go.mod h1:hzfGeIUDq/j97IG+FhNqkowIyEcD88LrW6fyU3K3WqY=
